{
  "name": "@fateforge/jira-cli",
  "version": "1.1.9",
  "lockfileVersion": 3,
  "requires": true,
  "packages": {
    "": {
      "name": "@fateforge/jira-cli",
      "version": "1.1.9",
      "license": "MIT",
      "bin": {
        "jira-cli": "scripts/run.js"
      },
      "engines": {
        "node": ">=16"
      },
      "optionalDependencies": {
        "@fateforge/jira-cli-darwin-arm64": "1.1.9",
        "@fateforge/jira-cli-darwin-x64": "1.1.9",
        "@fateforge/jira-cli-linux-arm64": "1.1.9",
        "@fateforge/jira-cli-linux-x64": "1.1.9",
        "@fateforge/jira-cli-win32-arm64": "1.1.9",
        "@fateforge/jira-cli-win32-x64": "1.1.9"
      }
    },
    "node_modules/@fateforge/jira-cli-darwin-arm64": {
      "optional": true
    },
    "node_modules/@fateforge/jira-cli-darwin-x64": {
      "optional": true
    },
    "node_modules/@fateforge/jira-cli-linux-arm64": {
      "optional": true
    },
    "node_modules/@fateforge/jira-cli-linux-x64": {
      "optional": true
    },
    "node_modules/@fateforge/jira-cli-win32-arm64": {
      "optional": true
    },
    "node_modules/@fateforge/jira-cli-win32-x64": {
      "optional": true
    }
  }
}
